PODS:
  - HBLaboratory (1.0.0):
    - HBTesterKit
  - HBTesterKit (1.0.4)

DEPENDENCIES:
  - HBLaboratory (from `../../HBLaboratory.podspec`)
  - HBTesterKit (from `../../HBTesterKit.podspec`)

EXTERNAL SOURCES:
  HBLaboratory:
    :path: "../../HBLaboratory.podspec"
  HBTesterKit:
    :path: "../../HBTesterKit.podspec"

SPEC CHECKSUMS:
  HBLaboratory: a068fc429e52885066cdd6059da555d983e45381
  HBTesterKit: 31c0b8b81d4736c7a6776468455a319d670bdcd6

PODFILE CHECKSUM: 4368db75dd1ac2b018b5583ca478c069867edc94

COCOAPODS: 1.6.1
